<?xml version="1.0" encoding="UTF-8" standalone="yes" ?>
<CodeBlocks_project_file>
	<FileVersion major="1" minor="6" />
	<Project>
		<Option title="lhd" />
		<Option pch_mode="2" />
		<Option compiler="gcc" />
		<Build>
			<Target title="Debug">
				<Option output="bin/Debug/servertest" prefix_auto="1" extension_auto="1" />
				<Option object_output="obj/Debug/" />
				<Option type="1" />
				<Option compiler="gcc" />
				<Compiler>
					<Add option="-g" />
				</Compiler>
			</Target>
			<Target title="Release">
				<Option output="bin/Release/servertest" prefix_auto="1" extension_auto="1" />
				<Option object_output="obj/Release/" />
				<Option type="1" />
				<Option compiler="gcc" />
				<Compiler>
					<Add option="-O2" />
				</Compiler>
				<Linker>
					<Add option="-s" />
				</Linker>
			</Target>
		</Build>
		<Compiler>
			<Add option="-Wall" />
			<Add option="-fexceptions" />
		</Compiler>
		<Unit filename="CServerServiceManager.cpp" />
		<Unit filename="CServerServiceManager.h" />
		<Unit filename="GameLogic.cpp" />
		<Unit filename="GameLogic.h" />
		<Unit filename="ServerLogicModule.cpp" />
		<Unit filename="ServerLogicModule.h" />
		<Unit filename="cdefines.h" />
		<Unit filename="crobotlogicframe.cpp" />
		<Unit filename="crobotlogicframe.h" />
		<Unit filename="cserverlogicframe.cpp" />
		<Unit filename="cserverlogicframe.h" />
		<Unit filename="makefile" />
		<Extensions>
			<code_completion />
			<envvars />
			<debugger />
			<lib_finder disable_auto="1" />
		</Extensions>
	</Project>
</CodeBlocks_project_file>
